// !$*UTF8*$!
{
	archiveVersion = 1;
	classes = {
	};
	objectVersion = 56;
	objects = {

/* Begin PBXBuildFile section */
		156064292AB3EEC300FF5984 /* BookshelfApp.swift in Sources */ = {isa = PBXBuildFile; fileRef = 156064282AB3EEC300FF5984 /* BookshelfApp.swift */; };
		1560642B2AB3EEC300FF5984 /* ContentView.swift in Sources */ = {isa = PBXBuildFile; fileRef = 1560642A2AB3EEC300FF5984 /* ContentView.swift */; };
		1560642D2AB3EEC400FF5984 /* Assets.xcassets in Resources */ = {isa = PBXBuildFile; fileRef = 1560642C2AB3EEC400FF5984 /* Assets.xcassets */; };
		156064302AB3EEC400FF5984 /* Preview Assets.xcassets in Resources */ = {isa = PBXBuildFile; fileRef = 1560642F2AB3EEC400FF5984 /* Preview Assets.xcassets */; };
		1560643B2AB61E9100FF5984 /* DB_Manager.swift in Sources */ = {isa = PBXBuildFile; fileRef = 1560643A2AB61E9100FF5984 /* DB_Manager.swift */; };
		156064462AB6221000FF5984 /* AddBookView.swift in Sources */ = {isa = PBXBuildFile; fileRef = 156064452AB6221000FF5984 /* AddBookView.swift */; };
		1560644D2AB7FAD300FF5984 /* BookModel.swift in Sources */ = {isa = PBXBuildFile; fileRef = 1560644C2AB7FAD300FF5984 /* BookModel.swift */; };
		1560644F2AB7FC8E00FF5984 /* EditBookView.swift in Sources */ = {isa = PBXBuildFile; fileRef = 1560644E2AB7FC8E00FF5984 /* EditBookView.swift */; };
		C3ABFDBAEB57626D6E7DCBBC /* Pods_Bookshelf.framework in Frameworks */ = {isa = PBXBuildFile; fileRef = E7D1F1605B3301980AA4DFB1 /* Pods_Bookshelf.framework */; };
/* End PBXBuildFile section */

/* Begin PBXContainerItemProxy section */
		156064412AB6217700FF5984 /* PBXContainerItemProxy */ = {
			isa = PBXContainerItemProxy;
			containerPortal = 1560643C2AB6217600FF5984 /* Pods.xcodeproj */;
			proxyType = 2;
			remoteGlobalIDString = A0D3F50AE13D0862DC000E390AEAC472;
			remoteInfo = "Pods-Bookshelf";
		};
		156064432AB6217700FF5984 /* PBXContainerItemProxy */ = {
			isa = PBXContainerItemProxy;
			containerPortal = 1560643C2AB6217600FF5984 /* Pods.xcodeproj */;
			proxyType = 2;
			remoteGlobalIDString = F5FA45A44C42CC2CA3A324A3E914CE19;
			remoteInfo = SQLite.swift;
		};
/* End PBXContainerItemProxy section */

/* Begin PBXFileReference section */
		156064252AB3EEC300FF5984 /* Bookshelf.app */ = {isa = PBXFileReference; explicitFileType = wrapper.application; includeInIndex = 0; path = Bookshelf.app; sourceTree = BUILT_PRODUCTS_DIR; };
		156064282AB3EEC300FF5984 /* BookshelfApp.swift */ = {isa = PBXFileReference; lastKnownFileType = sourcecode.swift; path = BookshelfApp.swift; sourceTree = "<group>"; };
		1560642A2AB3EEC300FF5984 /* ContentView.swift */ = {isa = PBXFileReference; lastKnownFileType = sourcecode.swift; path = ContentView.swift; sourceTree = "<group>"; };
		1560642C2AB3EEC400FF5984 /* Assets.xcassets */ = {isa = PBXFileReference; lastKnownFileType = folder.assetcatalog; path = Assets.xcassets; sourceTree = "<group>"; };
		1560642F2AB3EEC400FF5984 /* Preview Assets.xcassets */ = {isa = PBXFileReference; lastKnownFileType = folder.assetcatalog; path = "Preview Assets.xcassets"; sourceTree = "<group>"; };
		1560643A2AB61E9100FF5984 /* DB_Manager.swift */ = {isa = PBXFileReference; lastKnownFileType = sourcecode.swift; path = DB_Manager.swift; sourceTree = "<group>"; };
		1560643C2AB6217600FF5984 /* Pods.xcodeproj */ = {isa = PBXFileReference; lastKnownFileType = "wrapper.pb-project"; name = Pods.xcodeproj; path = Pods/Pods.xcodeproj; sourceTree = "<group>"; };
		156064452AB6221000FF5984 /* AddBookView.swift */ = {isa = PBXFileReference; lastKnownFileType = sourcecode.swift; path = AddBookView.swift; sourceTree = "<group>"; };
		1560644C2AB7FAD300FF5984 /* BookModel.swift */ = {isa = PBXFileReference; lastKnownFileType = sourcecode.swift; path = BookModel.swift; sourceTree = "<group>"; };
		1560644E2AB7FC8E00FF5984 /* EditBookView.swift */ = {isa = PBXFileReference; lastKnownFileType = sourcecode.swift; path = EditBookView.swift; sourceTree = "<group>"; };
		5C00F920B381AEEBF30E152B /* Pods-Bookshelf.debug.xcconfig */ = {isa = PBXFileReference; includeInIndex = 1; lastKnownFileType = text.xcconfig; name = "Pods-Bookshelf.debug.xcconfig"; path = "Target Support Files/Pods-Bookshelf/Pods-Bookshelf.debug.xcconfig"; sourceTree = "<group>"; };
		90B3B255CB80DD048BC20A9B /* Pods-Bookshelf.release.xcconfig */ = {isa = PBXFileReference; includeInIndex = 1; lastKnownFileType = text.xcconfig; name = "Pods-Bookshelf.release.xcconfig"; path = "Target Support Files/Pods-Bookshelf/Pods-Bookshelf.release.xcconfig"; sourceTree = "<group>"; };
		E7D1F1605B3301980AA4DFB1 /* Pods_Bookshelf.framework */ = {isa = PBXFileReference; explicitFileType = wrapper.framework; includeInIndex = 0; path = Pods_Bookshelf.framework; sourceTree = BUILT_PRODUCTS_DIR; };
/* End PBXFileReference section */

/* Begin PBXFrameworksBuildPhase section */
		156064222AB3EEC300FF5984 /* Frameworks */ = {
			isa = PBXFrameworksBuildPhase;
			buildActionMask = 2147483647;
			files = (
				C3ABFDBAEB57626D6E7DCBBC /* Pods_Bookshelf.framework in Frameworks */,
			);
			runOnlyForDeploymentPostprocessing = 0;
		};
/* End PBXFrameworksBuildPhase section */

/* Begin PBXGroup section */
		1560641C2AB3EEC300FF5984 = {
			isa = PBXGroup;
			children = (
				156064272AB3EEC300FF5984 /* Bookshelf */,
				156064262AB3EEC300FF5984 /* Products */,
				79ED02AD5963B4949333309A /* Pods */,
				EE4CAD5974F495770AF23B82 /* Frameworks */,
				1560643C2AB6217600FF5984 /* Pods.xcodeproj */,
			);
			sourceTree = "<group>";
		};
		156064262AB3EEC300FF5984 /* Products */ = {
			isa = PBXGroup;
			children = (
				156064252AB3EEC300FF5984 /* Bookshelf.app */,
			);
			name = Products;
			sourceTree = "<group>";
		};
		156064272AB3EEC300FF5984 /* Bookshelf */ = {
			isa = PBXGroup;
			children = (
				156064282AB3EEC300FF5984 /* BookshelfApp.swift */,
				1560642A2AB3EEC300FF5984 /* ContentView.swift */,
				1560642C2AB3EEC400FF5984 /* Assets.xcassets */,
				1560642E2AB3EEC400FF5984 /* Preview Content */,
				1560643A2AB61E9100FF5984 /* DB_Manager.swift */,
				156064452AB6221000FF5984 /* AddBookView.swift */,
				1560644C2AB7FAD300FF5984 /* BookModel.swift */,
				1560644E2AB7FC8E00FF5984 /* EditBookView.swift */,
			);
			path = Bookshelf;
			sourceTree = "<group>";
		};
		1560642E2AB3EEC400FF5984 /* Preview Content */ = {
			isa = PBXGroup;
			children = (
				1560642F2AB3EEC400FF5984 /* Preview Assets.xcassets */,
			);
			path = "Preview Content";
			sourceTree = "<group>";
		};
		1560643D2AB6217600FF5984 /* Products */ = {
			isa = PBXGroup;
			children = (
				156064422AB6217700FF5984 /* Pods-Bookshelf */,
				156064442AB6217700FF5984 /* SQLite.framework */,
			);
			name = Products;
			sourceTree = "<group>";
		};
		79ED02AD5963B4949333309A /* Pods */ = {
			isa = PBXGroup;
			children = (
				5C00F920B381AEEBF30E152B /* Pods-Bookshelf.debug.xcconfig */,
				90B3B255CB80DD048BC20A9B /* Pods-Bookshelf.release.xcconfig */,
			);
			path = Pods;
			sourceTree = "<group>";
		};
		EE4CAD5974F495770AF23B82 /* Frameworks */ = {
			isa = PBXGroup;
			children = (
				E7D1F1605B3301980AA4DFB1 /* Pods_Bookshelf.framework */,
			);
			name = Frameworks;
			sourceTree = "<group>";
		};
/* End PBXGroup section */

/* Begin PBXNativeTarget section */
		156064242AB3EEC300FF5984 /* Bookshelf */ = {
			isa = PBXNativeTarget;
			buildConfigurationList = 156064332AB3EEC400FF5984 /* Build configuration list for PBXNativeTarget "Bookshelf" */;
			buildPhases = (
				748D9C706FEA55847DACDD61 /* [CP] Check Pods Manifest.lock */,
				156064212AB3EEC300FF5984 /* Sources */,
				156064222AB3EEC300FF5984 /* Frameworks */,
				156064232AB3EEC300FF5984 /* Resources */,
				07BDC9E59B10732D41FF6896 /* [CP] Embed Pods Frameworks */,
			);
			buildRules = (
			);
			dependencies = (
			);
			name = Bookshelf;
			productName = Bookshelf;
			productReference = 156064252AB3EEC300FF5984 /* Bookshelf.app */;
			productType = "com.apple.product-type.application";
		};
/* End PBXNativeTarget section */

/* Begin PBXProject section */
		1560641D2AB3EEC300FF5984 /* Project object */ = {
			isa = PBXProject;
			attributes = {
				BuildIndependentTargetsInParallel = 1;
				LastSwiftUpdateCheck = 1430;
				LastUpgradeCheck = 1430;
				TargetAttributes = {
					156064242AB3EEC300FF5984 = {
						CreatedOnToolsVersion = 14.3.1;
					};
				};
			};
			buildConfigurationList = 156064202AB3EEC300FF5984 /* Build configuration list for PBXProject "Bookshelf" */;
			compatibilityVersion = "Xcode 14.0";
			developmentRegion = en;
			hasScannedForEncodings = 0;
			knownRegions = (
				en,
				Base,
			);
			mainGroup = 1560641C2AB3EEC300FF5984;
			productRefGroup = 156064262AB3EEC300FF5984 /* Products */;
			projectDirPath = "";
			projectReferences = (
				{
					ProductGroup = 1560643D2AB6217600FF5984 /* Products */;
					ProjectRef = 1560643C2AB6217600FF5984 /* Pods.xcodeproj */;
				},
			);
			projectRoot = "";
			targets = (
				156064242AB3EEC300FF5984 /* Bookshelf */,
			);
		};
/* End PBXProject section */

/* Begin PBXReferenceProxy section */
		156064422AB6217700FF5984 /* Pods-Bookshelf */ = {
			isa = PBXReferenceProxy;
			fileType = wrapper.framework;
			name = "Pods-Bookshelf";
			path = Pods_Bookshelf.framework;
			remoteRef = 156064412AB6217700FF5984 /* PBXContainerItemProxy */;
			sourceTree = BUILT_PRODUCTS_DIR;
		};
		156064442AB6217700FF5984 /* SQLite.framework */ = {
			isa = PBXReferenceProxy;
			fileType = wrapper.framework;
			path = SQLite.framework;
			remoteRef = 156064432AB6217700FF5984 /* PBXContainerItemProxy */;
			sourceTree = BUILT_PRODUCTS_DIR;
		};
/* End PBXReferenceProxy section */

/* Begin PBXResourcesBuildPhase section */
		156064232AB3EEC300FF5984 /* Resources */ = {
			isa = PBXResourcesBuildPhase;
			buildActionMask = 2147483647;
			files = (
				156064302AB3EEC400FF5984 /* Preview Assets.xcassets in Resources */,
				1560642D2AB3EEC400FF5984 /* Assets.xcassets in Resources */,
			);
			runOnlyForDeploymentPostprocessing = 0;
		};
/* End PBXResourcesBuildPhase section */

/* Begin PBXShellScriptBuildPhase section */
		07BDC9E59B10732D41FF6896 /* [CP] Embed Pods Frameworks */ = {
			isa = PBXShellScriptBuildPhase;
			buildActionMask = 2147483647;
			files = (
			);
			inputFileListPaths = (
				"${PODS_ROOT}/Target Support Files/Pods-Bookshelf/Pods-Bookshelf-frameworks-${CONFIGURATION}-input-files.xcfilelist",
			);
			name = "[CP] Embed Pods Frameworks";
			outputFileListPaths = (
				"${PODS_ROOT}/Target Support Files/Pods-Bookshelf/Pods-Bookshelf-frameworks-${CONFIGURATION}-output-files.xcfilelist",
			);
			runOnlyForDeploymentPostprocessing = 0;
			shellPath = /bin/sh;
			shellScript = "\"${PODS_ROOT}/Target Support Files/Pods-Bookshelf/Pods-Bookshelf-frameworks.sh\"\n";
			showEnvVarsInLog = 0;
		};
		748D9C706FEA55847DACDD61 /* [CP] Check Pods Manifest.lock */ = {
			isa = PBXShellScriptBuildPhase;
			buildActionMask = 2147483647;
			files = (
			);
			inputFileListPaths = (
			);
			inputPaths = (
				"${PODS_PODFILE_DIR_PATH}/Podfile.lock",
				"${PODS_ROOT}/Manifest.lock",
			);
			name = "[CP] Check Pods Manifest.lock";
			outputFileListPaths = (
			);
			outputPaths = (
				"$(DERIVED_FILE_DIR)/Pods-Bookshelf-checkManifestLockResult.txt",
			);
			runOnlyForDeploymentPostprocessing = 0;
			shellPath = /bin/sh;
			shellScript = "diff \"${PODS_PODFILE_DIR_PATH}/Podfile.lock\" \"${PODS_ROOT}/Manifest.lock\" > /dev/null\nif [ $? != 0 ] ; then\n    # print error to STDERR\n    echo \"error: The sandbox is not in sync with the Podfile.lock. Run 'pod install' or update your CocoaPods installation.\" >&2\n    exit 1\nfi\n# This output is used by Xcode 'outputs' to avoid re-running this script phase.\necho \"SUCCESS\" > \"${SCRIPT_OUTPUT_FILE_0}\"\n";
			showEnvVarsInLog = 0;
		};
/* End PBXShellScriptBuildPhase section */

/* Begin PBXSourcesBuildPhase section */
		156064212AB3EEC300FF5984 /* Sources */ = {
			isa = PBXSourcesBuildPhase;
			buildActionMask = 2147483647;
			files = (
				1560644D2AB7FAD300FF5984 /* BookModel.swift in Sources */,
				1560642B2AB3EEC300FF5984 /* ContentView.swift in Sources */,
				156064292AB3EEC300FF5984 /* BookshelfApp.swift in Sources */,
				1560644F2AB7FC8E00FF5984 /* EditBookView.swift in Sources */,
				1560643B2AB61E9100FF5984 /* DB_Manager.swift in Sources */,
				156064462AB6221000FF5984 /* AddBookView.swift in Sources */,
			);
			runOnlyForDeploymentPostprocessing = 0;
		};
/* End PBXSourcesBuildPhase section */

/* Begin XCBuildConfiguration section */
		156064312AB3EEC400FF5984 /* Debug */ = {
			isa = XCBuildConfiguration;
			buildSettings = {
				ALWAYS_SEARCH_USER_PATHS = NO;
				CLANG_ANALYZER_NONNULL = YES;
				CLANG_ANALYZER_NUMBER_OBJECT_CONVERSION = YES_AGGRESSIVE;
				CLANG_CXX_LANGUAGE_STANDARD = "gnu++20";
				CLANG_ENABLE_MODULES = YES;
				CLANG_ENABLE_OBJC_ARC = YES;
				CLANG_ENABLE_OBJC_WEAK = YES;
				CLANG_WARN_BLOCK_CAPTURE_AUTORELEASING = YES;
				CLANG_WARN_BOOL_CONVERSION = YES;
				CLANG_WARN_COMMA = YES;
				CLANG_WARN_CONSTANT_CONVERSION = YES;
				CLANG_WARN_DEPRECATED_OBJC_IMPLEMENTATIONS = YES;
				CLANG_WARN_DIRECT_OBJC_ISA_USAGE = YES_ERROR;
				CLANG_WARN_DOCUMENTATION_COMMENTS = YES;
				CLANG_WARN_EMPTY_BODY = YES;
				CLANG_WARN_ENUM_CONVERSION = YES;
				CLANG_WARN_INFINITE_RECURSION = YES;
				CLANG_WARN_INT_CONVERSION = YES;
				CLANG_WARN_NON_LITERAL_NULL_CONVERSION = YES;
				CLANG_WARN_OBJC_IMPLICIT_RETAIN_SELF = YES;
				CLANG_WARN_OBJC_LITERAL_CONVERSION = YES;
				CLANG_WARN_OBJC_ROOT_CLASS = YES_ERROR;
				CLANG_WARN_QUOTED_INCLUDE_IN_FRAMEWORK_HEADER = YES;
				CLANG_WARN_RANGE_LOOP_ANALYSIS = YES;
				CLANG_WARN_STRICT_PROTOTYPES = YES;
				CLANG_WARN_SUSPICIOUS_MOVE = YES;
				CLANG_WARN_UNGUARDED_AVAILABILITY = YES_AGGRESSIVE;
				CLANG_WARN_UNREACHABLE_CODE = YES;
				CLANG_WARN__DUPLICATE_METHOD_MATCH = YES;
				COPY_PHASE_STRIP = NO;
				DEBUG_INFORMATION_FORMAT = dwarf;
				ENABLE_STRICT_OBJC_MSGSEND = YES;
				ENABLE_TESTABILITY = YES;
				GCC_C_LANGUAGE_STANDARD = gnu11;
				GCC_DYNAMIC_NO_PIC = NO;
				GCC_NO_COMMON_BLOCKS = YES;
				GCC_OPTIMIZATION_LEVEL = 0;
				GCC_PREPROCESSOR_DEFINITIONS = (
					"DEBUG=1",
					"$(inherited)",
				);
				GCC_WARN_64_TO_32_BIT_CONVERSION = YES;
				GCC_WARN_ABOUT_RETURN_TYPE = YES_ERROR;
				GCC_WARN_UNDECLARED_SELECTOR = YES;
				GCC_WARN_UNINITIALIZED_AUTOS = YES_AGGRESSIVE;
				GCC_WARN_UNUSED_FUNCTION = YES;
				GCC_WARN_UNUSED_VARIABLE = YES;
				IPHONEOS_DEPLOYMENT_TARGET = 16.4;
				MTL_ENABLE_DEBUG_INFO = INCLUDE_SOURCE;
				MTL_FAST_MATH = YES;
				ONLY_ACTIVE_ARCH = YES;
				SDKROOT = iphoneos;
				SWIFT_ACTIVE_COMPILATION_CONDITIONS = DEBUG;
				SWIFT_OPTIMIZATION_LEVEL = "-Onone";
			};
			name = Debug;
		};
		156064322AB3EEC400FF5984 /* Release */ = {
			isa = XCBuildConfiguration;
			buildSettings = {
				ALWAYS_SEARCH_USER_PATHS = NO;
				CLANG_ANALYZER_NONNULL = YES;
				CLANG_ANALYZER_NUMBER_OBJECT_CONVERSION = YES_AGGRESSIVE;
				CLANG_CXX_LANGUAGE_STANDARD = "gnu++20";
				CLANG_ENABLE_MODULES = YES;
				CLANG_ENABLE_OBJC_ARC = YES;
				CLANG_ENABLE_OBJC_WEAK = YES;
				CLANG_WARN_BLOCK_CAPTURE_AUTORELEASING = YES;
				CLANG_WARN_BOOL_CONVERSION = YES;
				CLANG_WARN_COMMA = YES;
				CLANG_WARN_CONSTANT_CONVERSION = YES;
				CLANG_WARN_DEPRECATED_OBJC_IMPLEMENTATIONS = YES;
				CLANG_WARN_DIRECT_OBJC_ISA_USAGE = YES_ERROR;
				CLANG_WARN_DOCUMENTATION_COMMENTS = YES;
				CLANG_WARN_EMPTY_BODY = YES;
				CLANG_WARN_ENUM_CONVERSION = YES;
				CLANG_WARN_INFINITE_RECURSION = YES;
				CLANG_WARN_INT_CONVERSION = YES;
				CLANG_WARN_NON_LITERAL_NULL_CONVERSION = YES;
				CLANG_WARN_OBJC_IMPLICIT_RETAIN_SELF = YES;
				CLANG_WARN_OBJC_LITERAL_CONVERSION = YES;
				CLANG_WARN_OBJC_ROOT_CLASS = YES_ERROR;
				CLANG_WARN_QUOTED_INCLUDE_IN_FRAMEWORK_HEADER = YES;
				CLANG_WARN_RANGE_LOOP_ANALYSIS = YES;
				CLANG_WARN_STRICT_PROTOTYPES = YES;
				CLANG_WARN_SUSPICIOUS_MOVE = YES;
				CLANG_WARN_UNGUARDED_AVAILABILITY = YES_AGGRESSIVE;
				CLANG_WARN_UNREACHABLE_CODE = YES;
				CLANG_WARN__DUPLICATE_METHOD_MATCH = YES;
				COPY_PHASE_STRIP = NO;
				DEBUG_INFORMATION_FORMAT = "dwarf-with-dsym";
				ENABLE_NS_ASSERTIONS = NO;
				ENABLE_STRICT_OBJC_MSGSEND = YES;
				GCC_C_LANGUAGE_STANDARD = gnu11;
				GCC_NO_COMMON_BLOCKS = YES;
				GCC_WARN_64_TO_32_BIT_CONVERSION = YES;
				GCC_WARN_ABOUT_RETURN_TYPE = YES_ERROR;
				GCC_WARN_UNDECLARED_SELECTOR = YES;
				GCC_WARN_UNINITIALIZED_AUTOS = YES_AGGRESSIVE;
				GCC_WARN_UNUSED_FUNCTION = YES;
				GCC_WARN_UNUSED_VARIABLE = YES;
				IPHONEOS_DEPLOYMENT_TARGET = 16.4;
				MTL_ENABLE_DEBUG_INFO = NO;
				MTL_FAST_MATH = YES;
				SDKROOT = iphoneos;
				SWIFT_COMPILATION_MODE = wholemodule;
				SWIFT_OPTIMIZATION_LEVEL = "-O";
				VALIDATE_PRODUCT = YES;
			};
			name = Release;
		};
		156064342AB3EEC400FF5984 /* Debug */ = {
			isa = XCBuildConfiguration;
			baseConfigurationReference = 5C00F920B381AEEBF30E152B /* Pods-Bookshelf.debug.xcconfig */;
			buildSettings = {
				ASSETCATALOG_COMPILER_APPICON_NAME = AppIcon;
				ASSETCATALOG_COMPILER_GLOBAL_ACCENT_COLOR_NAME = AccentColor;
				CODE_SIGN_STYLE = Automatic;
				CURRENT_PROJECT_VERSION = 1;
				DEVELOPMENT_ASSET_PATHS = "\"Bookshelf/Preview Content\"";
				DEVELOPMENT_TEAM = 6V9Y46A8V2;
				ENABLE_PREVIEWS = YES;
				GENERATE_INFOPLIST_FILE = YES;
				INFOPLIST_KEY_UIApplicationSceneManifest_Generation = YES;
				INFOPLIST_KEY_UIApplicationSupportsIndirectInputEvents = YES;
				INFOPLIST_KEY_UILaunchScreen_Generation = YES;
				INFOPLIST_KEY_UISupportedInterfaceOrientations_iPad = "UIInterfaceOrientationPortrait UIInterfaceOrientationPortraitUpsideDown UIInterfaceOrientationLandscapeLeft UIInterfaceOrientationLandscapeRight";
				INFOPLIST_KEY_UISupportedInterfaceOrientations_iPhone = "UIInterfaceOrientationPortrait UIInterfaceOrientationLandscapeLeft UIInterfaceOrientationLandscapeRight";
				LD_RUNPATH_SEARCH_PATHS = (
					"$(inherited)",
					"@executable_path/Frameworks",
				);
				MARKETING_VERSION = 1.0;
				PRODUCT_BUNDLE_IDENTIFIER = annagutowska.Bookshelf;
				PRODUCT_NAME = "$(TARGET_NAME)";
				SWIFT_EMIT_LOC_STRINGS = YES;
				SWIFT_VERSION = 5.0;
				TARGETED_DEVICE_FAMILY = "1,2";
			};
			name = Debug;
		};
		156064352AB3EEC400FF5984 /* Release */ = {
			isa = XCBuildConfiguration;
			baseConfigurationReference = 90B3B255CB80DD048BC20A9B /* Pods-Bookshelf.release.xcconfig */;
			buildSettings = {
				ASSETCATALOG_COMPILER_APPICON_NAME = AppIcon;
				ASSETCATALOG_COMPILER_GLOBAL_ACCENT_COLOR_NAME = AccentColor;
				CODE_SIGN_STYLE = Automatic;
				CURRENT_PROJECT_VERSION = 1;
				DEVELOPMENT_ASSET_PATHS = "\"Bookshelf/Preview Content\"";
				DEVELOPMENT_TEAM = 6V9Y46A8V2;
				ENABLE_PREVIEWS = YES;
				GENERATE_INFOPLIST_FILE = YES;
				INFOPLIST_KEY_UIApplicationSceneManifest_Generation = YES;
				INFOPLIST_KEY_UIApplicationSupportsIndirectInputEvents = YES;
				INFOPLIST_KEY_UILaunchScreen_Generation = YES;
				INFOPLIST_KEY_UISupportedInterfaceOrientations_iPad = "UIInterfaceOrientationPortrait UIInterfaceOrientationPortraitUpsideDown UIInterfaceOrientationLandscapeLeft UIInterfaceOrientationLandscapeRight";
				INFOPLIST_KEY_UISupportedInterfaceOrientations_iPhone = "UIInterfaceOrientationPortrait UIInterfaceOrientationLandscapeLeft UIInterfaceOrientationLandscapeRight";
				LD_RUNPATH_SEARCH_PATHS = (
					"$(inherited)",
					"@executable_path/Frameworks",
				);
				MARKETING_VERSION = 1.0;
				PRODUCT_BUNDLE_IDENTIFIER = annagutowska.Bookshelf;
				PRODUCT_NAME = "$(TARGET_NAME)";
				SWIFT_EMIT_LOC_STRINGS = YES;
				SWIFT_VERSION = 5.0;
				TARGETED_DEVICE_FAMILY = "1,2";
			};
			name = Release;
		};
/* End XCBuildConfiguration section */

/* Begin XCConfigurationList section */
		156064202AB3EEC300FF5984 /* Build configuration list for PBXProject "Bookshelf" */ = {
			isa = XCConfigurationList;
			buildConfigurations = (
				156064312AB3EEC400FF5984 /* Debug */,
				156064322AB3EEC400FF5984 /* Release */,
			);
			defaultConfigurationIsVisible = 0;
			defaultConfigurationName = Release;
		};
		156064332AB3EEC400FF5984 /* Build configuration list for PBXNativeTarget "Bookshelf" */ = {
			isa = XCConfigurationList;
			buildConfigurations = (
				156064342AB3EEC400FF5984 /* Debug */,
				156064352AB3EEC400FF5984 /* Release */,
			);
			defaultConfigurationIsVisible = 0;
			defaultConfigurationName = Release;
		};
/* End XCConfigurationList section */
	};
	rootObject = 1560641D2AB3EEC300FF5984 /* Project object */;
}
